
Microsoft Visual Studio Solution File, Format Version 12.00
# Visual Studio Version 17
VisualStudioVersion = 17.14.37411.7 d17.14
MinimumVisualStudioVersion = 10.0.40219.1
Project("{FAE04EC0-301F-11D3-BF4B-00C04F79EFBC}") = "WpfApp2", "WpfApp2\WpfApp2.csproj", "{C4F0F665-A417-49D1-AC0D-BB671B81A02B}"
EndProject
Global
	GlobalSection(SolutionConfigurationPlatforms) = preSolution
		Debug|Any CPU = Debug|Any CPU
		Release|Any CPU = Release|Any CPU
	EndGlobalSection
	GlobalSection(ProjectConfigurationPlatforms) = postSolution
		{C4F0F665-A417-49D1-AC0D-BB671B81A02B}.Debug|Any CPU.ActiveCfg = Debug|Any CPU
		{C4F0F665-A417-49D1-AC0D-BB671B81A02B}.Debug|Any CPU.Build.0 = Debug|Any CPU
		{C4F0F665-A417-49D1-AC0D-BB671B81A02B}.Release|Any CPU.ActiveCfg = Release|Any CPU
		{C4F0F665-A417-49D1-AC0D-BB671B81A02B}.Release|Any CPU.Build.0 = Release|Any CPU
	EndGlobalSection
	GlobalSection(SolutionProperties) = preSolution
		HideSolutionNode = FALSE
	EndGlobalSection
	GlobalSection(ExtensibilityGlobals) = postSolution
		SolutionGuid = {805AF5F3-9188-487E-B839-1860AFA2366D}
	EndGlobalSection
EndGlobal
