
Microsoft Visual Studio Solution File, Format Version 12.00
# Visual Studio Version 17
VisualStudioVersion = 17.14.37301.10 d17.14
MinimumVisualStudioVersion = 10.0.40219.1
Project("{FAE04EC0-301F-11D3-BF4B-00C04F79EFBC}") = "WinFormsApp4", "WinFormsApp4\WinFormsApp4.csproj", "{705A4EA6-4C98-4F4D-83C9-6B109EC51CA7}"
EndProject
Global
	GlobalSection(SolutionConfigurationPlatforms) = preSolution
		Debug|Any CPU = Debug|Any CPU
		Release|Any CPU = Release|Any CPU
	EndGlobalSection
	GlobalSection(ProjectConfigurationPlatforms) = postSolution
		{705A4EA6-4C98-4F4D-83C9-6B109EC51CA7}.Debug|Any CPU.ActiveCfg = Debug|Any CPU
		{705A4EA6-4C98-4F4D-83C9-6B109EC51CA7}.Debug|Any CPU.Build.0 = Debug|Any CPU
		{705A4EA6-4C98-4F4D-83C9-6B109EC51CA7}.Release|Any CPU.ActiveCfg = Release|Any CPU
		{705A4EA6-4C98-4F4D-83C9-6B109EC51CA7}.Release|Any CPU.Build.0 = Release|Any CPU
	EndGlobalSection
	GlobalSection(SolutionProperties) = preSolution
		HideSolutionNode = FALSE
	EndGlobalSection
	GlobalSection(ExtensibilityGlobals) = postSolution
		SolutionGuid = {B9D99C5B-8FD0-4951-BCD1-9DEB892B38CE}
	EndGlobalSection
EndGlobal
